
Microsoft Visual Studio Solution File, Format Version 12.00
# Visual Studio Version 16
VisualStudioVersion = 16.0.30907.101
MinimumVisualStudioVersion = 10.0.40219.1
Project("{9A19103F-16F7-4668-BE54-9A1E7A4F7556}") = "YC.Common", "..\BasicLayer\YC.Common\YC.Common.csproj", "{C6B78667-D100-4F90-81C9-C8885E6D870A}"
EndProject
Project("{9A19103F-16F7-4668-BE54-9A1E7A4F7556}") = "YC.Core", "..\BasicLayer\YC.Core\YC.Core.csproj", "{B1689CD6-B862-48C5-B72B-E1B0B626BB63}"
EndProject
Project("{9A19103F-16F7-4668-BE54-9A1E7A4F7556}") = "YC.DapperFrameWork", "..\BasicLayer\YC.DapperFrameWork\YC.DapperFrameWork.csproj", "{0C95B456-039F-4378-A8D6-C9149AD61A73}"
EndProject
Project("{9A19103F-16F7-4668-BE54-9A1E7A4F7556}") = "YC.Data.Model", "..\BasicLayer\YC.Data.Model\YC.Data.Model.csproj", "{DFCA71B1-3ABB-42E1-959E-1DE0509D96BA}"
EndProject
Project("{9A19103F-16F7-4668-BE54-9A1E7A4F7556}") = "YC.ApplicationService", "YC.ApplicationService\YC.ApplicationService.csproj", "{E49EEF8D-D638-43BF-B284-CD9FA9E7AB6C}"
EndProject
Project("{9A19103F-16F7-4668-BE54-9A1E7A4F7556}") = "YC.ServiceWebApi", "YC.ServiceWebApi\YC.ServiceWebApi.csproj", "{33077929-0805-4C5C-B09F-FBA72D3677E4}"
EndProject
Global
	GlobalSection(SolutionConfigurationPlatforms) = preSolution
		Debug|Any CPU = Debug|Any CPU
		Release|Any CPU = Release|Any CPU
	EndGlobalSection
	GlobalSection(ProjectConfigurationPlatforms) = postSolution
		{C6B78667-D100-4F90-81C9-C8885E6D870A}.Debug|Any CPU.ActiveCfg = Debug|Any CPU
		{C6B78667-D100-4F90-81C9-C8885E6D870A}.Debug|Any CPU.Build.0 = Debug|Any CPU
		{C6B78667-D100-4F90-81C9-C8885E6D870A}.Release|Any CPU.ActiveCfg = Release|Any CPU
		{C6B78667-D100-4F90-81C9-C8885E6D870A}.Release|Any CPU.Build.0 = Release|Any CPU
		{B1689CD6-B862-48C5-B72B-E1B0B626BB63}.Debug|Any CPU.ActiveCfg = Debug|Any CPU
		{B1689CD6-B862-48C5-B72B-E1B0B626BB63}.Debug|Any CPU.Build.0 = Debug|Any CPU
		{B1689CD6-B862-48C5-B72B-E1B0B626BB63}.Release|Any CPU.ActiveCfg = Release|Any CPU
		{B1689CD6-B862-48C5-B72B-E1B0B626BB63}.Release|Any CPU.Build.0 = Release|Any CPU
		{0C95B456-039F-4378-A8D6-C9149AD61A73}.Debug|Any CPU.ActiveCfg = Debug|Any CPU
		{0C95B456-039F-4378-A8D6-C9149AD61A73}.Debug|Any CPU.Build.0 = Debug|Any CPU
		{0C95B456-039F-4378-A8D6-C9149AD61A73}.Release|Any CPU.ActiveCfg = Release|Any CPU
		{0C95B456-039F-4378-A8D6-C9149AD61A73}.Release|Any CPU.Build.0 = Release|Any CPU
		{DFCA71B1-3ABB-42E1-959E-1DE0509D96BA}.Debug|Any CPU.ActiveCfg = Debug|Any CPU
		{DFCA71B1-3ABB-42E1-959E-1DE0509D96BA}.Debug|Any CPU.Build.0 = Debug|Any CPU
		{DFCA71B1-3ABB-42E1-959E-1DE0509D96BA}.Release|Any CPU.ActiveCfg = Release|Any CPU
		{DFCA71B1-3ABB-42E1-959E-1DE0509D96BA}.Release|Any CPU.Build.0 = Release|Any CPU
		{E49EEF8D-D638-43BF-B284-CD9FA9E7AB6C}.Debug|Any CPU.ActiveCfg = Debug|Any CPU
		{E49EEF8D-D638-43BF-B284-CD9FA9E7AB6C}.Debug|Any CPU.Build.0 = Debug|Any CPU
		{E49EEF8D-D638-43BF-B284-CD9FA9E7AB6C}.Release|Any CPU.ActiveCfg = Release|Any CPU
		{E49EEF8D-D638-43BF-B284-CD9FA9E7AB6C}.Release|Any CPU.Build.0 = Release|Any CPU
		{33077929-0805-4C5C-B09F-FBA72D3677E4}.Debug|Any CPU.ActiveCfg = Debug|Any CPU
		{33077929-0805-4C5C-B09F-FBA72D3677E4}.Debug|Any CPU.Build.0 = Debug|Any CPU
		{33077929-0805-4C5C-B09F-FBA72D3677E4}.Release|Any CPU.ActiveCfg = Release|Any CPU
		{33077929-0805-4C5C-B09F-FBA72D3677E4}.Release|Any CPU.Build.0 = Release|Any CPU
	EndGlobalSection
	GlobalSection(SolutionProperties) = preSolution
		HideSolutionNode = FALSE
	EndGlobalSection
	GlobalSection(ExtensibilityGlobals) = postSolution
		SolutionGuid = {130E9F73-6B4C-4C41-878F-6E8C30CC3097}
	EndGlobalSection
EndGlobal
