
Microsoft Visual Studio Solution File, Format Version 12.00
# Visual Studio Version 17
VisualStudioVersion = 17.0.32112.339
MinimumVisualStudioVersion = 10.0.40219.1
Project("{2150E333-8FDC-42A3-9474-1A3956D46DE8}") = "BasicLayer", "BasicLayer", "{8EE84D6A-8156-4448-A217-85C607BB8AD7}"
EndProject
Project("{9A19103F-16F7-4668-BE54-9A1E7A4F7556}") = "YC.Common", "BasicLayer\YC.Common\YC.Common.csproj", "{6CCCD13E-256F-4D7F-9DF2-F394EAAF77B7}"
EndProject
Project("{9A19103F-16F7-4668-BE54-9A1E7A4F7556}") = "YC.Core", "BasicLayer\YC.Core\YC.Core.csproj", "{1E15B233-453A-4425-A09D-E07E91EA1F63}"
EndProject
Project("{9A19103F-16F7-4668-BE54-9A1E7A4F7556}") = "YC.DapperFrameWork", "BasicLayer\YC.DapperFrameWork\YC.DapperFrameWork.csproj", "{3917C2B5-6FEF-4DE5-B4EF-5D5E262CE781}"
EndProject
Project("{2150E333-8FDC-42A3-9474-1A3956D46DE8}") = "CodeGenerate", "CodeGenerate", "{72CC209E-19DE-4025-AD4F-9A8BA17C80C2}"
EndProject
Project("{9A19103F-16F7-4668-BE54-9A1E7A4F7556}") = "YC.CodeGenerate", "CodeGenerate\YC.CodeGenerate\YC.CodeGenerate.csproj", "{365500E0-00AC-48D4-AFBA-4F5F9C09D4C8}"
EndProject
Project("{9A19103F-16F7-4668-BE54-9A1E7A4F7556}") = "YC.CodeGenerateTest", "CodeGenerate\YC.CodeGenerateTest\YC.CodeGenerateTest.csproj", "{1D13D3CA-3E8E-4F1A-9284-BBDC97C3A6F4}"
EndProject
Project("{2150E333-8FDC-42A3-9474-1A3956D46DE8}") = "BasicAppLayer", "BasicAppLayer", "{F213774C-47AB-4315-A88B-80A054C6067A}"
EndProject
Project("{2150E333-8FDC-42A3-9474-1A3956D46DE8}") = "Module", "Module", "{3E77D5D2-7C7E-4F3E-BBB7-8005EAA64924}"
EndProject
Project("{9A19103F-16F7-4668-BE54-9A1E7A4F7556}") = "YC.Cache.Redis", "Module\YC.Cache.Redis\YC.Cache.Redis.csproj", "{5DC7685F-5A70-4605-976B-C1AF8E35ECAA}"
EndProject
Project("{9A19103F-16F7-4668-BE54-9A1E7A4F7556}") = "YC.FreeSqlFrameWork", "BasicLayer\YC.FreeSqlFrameWork\YC.FreeSqlFrameWork.csproj", "{6821347E-BFC4-4BF6-9A19-DB310053703B}"
EndProject
Project("{9A19103F-16F7-4668-BE54-9A1E7A4F7556}") = "YC.Log.Serilog", "Module\YC.Log.Serilog\YC.Log.Serilog.csproj", "{418A312C-9E0A-48CB-8DBF-E10724D5D45E}"
EndProject
Project("{9A19103F-16F7-4668-BE54-9A1E7A4F7556}") = "YC.Core.DynamicApi", "Module\YC.Core.DynamicApi\YC.Core.DynamicApi.csproj", "{8871EF02-FCF2-453C-AFD2-0AF26378783F}"
EndProject
Project("{9A19103F-16F7-4668-BE54-9A1E7A4F7556}") = "YC.ApplicationService", "BasicAppLayer\YC.ApplicationService\YC.ApplicationService.csproj", "{C943FF2D-3152-4B2D-8393-C35EB5080EE8}"
EndProject
Project("{9A19103F-16F7-4668-BE54-9A1E7A4F7556}") = "YC.Model", "BasicAppLayer\YC.Model\YC.Model.csproj", "{D15B571C-2421-48EA-B5B7-51291EAF46D4}"
EndProject
Project("{9A19103F-16F7-4668-BE54-9A1E7A4F7556}") = "YC.ServiceWebApi", "BasicAppLayer\YC.ServiceWebApi\YC.ServiceWebApi.csproj", "{5976B891-DA0C-41DB-9684-E8A6DB0239D6}"
EndProject
Project("{9A19103F-16F7-4668-BE54-9A1E7A4F7556}") = "YC.QuartzService", "Module\YC.QuartzService\YC.QuartzService.csproj", "{F994B904-558D-41DE-ABB5-EA41D9A6997A}"
EndProject
Project("{2150E333-8FDC-42A3-9474-1A3956D46DE8}") = "Test", "Test", "{3BF48648-4A6C-43E4-B2F1-FFB7EDE70F33}"
EndProject
Project("{9A19103F-16F7-4668-BE54-9A1E7A4F7556}") = "YC.MongoDB", "Module\YC.MongoDB\YC.MongoDB.csproj", "{CFCBF849-9140-4C1C-82CC-3DFA7CCDF226}"
EndProject
Project("{9A19103F-16F7-4668-BE54-9A1E7A4F7556}") = "YC.MongoDbXUnitTest", "Test\YC.MongoDBXUnitTest\YC.MongoDbXUnitTest.csproj", "{E427767B-2A85-4009-8C26-4D452A577E3E}"
EndProject
Project("{9A19103F-16F7-4668-BE54-9A1E7A4F7556}") = "YC.Neo4j", "Module\YC.Neo4j\YC.Neo4j.csproj", "{9C51AD66-9899-4809-BA19-649A5A293DEC}"
EndProject
Project("{9A19103F-16F7-4668-BE54-9A1E7A4F7556}") = "YC.Neo4jXUnitTest", "Test\YC.Neo4jXUnitTest\YC.Neo4jXUnitTest.csproj", "{E1160626-61CC-4484-B076-9B6C5CA59EDF}"
EndProject
Project("{9A19103F-16F7-4668-BE54-9A1E7A4F7556}") = "YC.QuartzTest", "Test\YC.QuartzTest\YC.QuartzTest.csproj", "{704C6145-6166-4DFF-AF25-CBD17D5B02BA}"
EndProject
Project("{9A19103F-16F7-4668-BE54-9A1E7A4F7556}") = "YC.Boilerplate.XUnitTest", "Test\YC.Boilerplate.XUnitTest\YC.Boilerplate.XUnitTest.csproj", "{E8727832-DA2A-48DC-9807-BE129488C006}"
EndProject
Project("{9A19103F-16F7-4668-BE54-9A1E7A4F7556}") = "YC.ElasticSearch", "Module\YC.ElasticSearch\YC.ElasticSearch.csproj", "{2B6F02B7-0F1B-4FA7-B668-1FA524AEC22E}"
EndProject
Project("{9A19103F-16F7-4668-BE54-9A1E7A4F7556}") = "YC.ElasticSearchXUnitTest", "Test\YC.ElasticSearchXUnitTest\YC.ElasticSearchXUnitTest.csproj", "{137625E5-82DF-4F5C-B24D-3D949F4F1BD5}"
EndProject
Project("{2150E333-8FDC-42A3-9474-1A3956D46DE8}") = "Tools", "Tools", "{7C0DDA31-6525-48F1-B81F-48DBB3053160}"
EndProject
Project("{9A19103F-16F7-4668-BE54-9A1E7A4F7556}") = "YC.Tools.DockerMonitor", "Tools\YC.Tools.DockerMonitor\YC.Tools.DockerMonitor.csproj", "{ABF0998A-5F97-491E-899A-40161FD70CEF}"
EndProject
Project("{2150E333-8FDC-42A3-9474-1A3956D46DE8}") = "BlockChain", "BlockChain", "{344C7588-D55D-478B-B25D-94F97524C5E0}"
EndProject
Project("{9A19103F-16F7-4668-BE54-9A1E7A4F7556}") = "FISCOBCOS.CSharpSdk", "BlockChain\FISCOBCOS.CSharpSdk\FISCOBCOS.CSharpSdk.csproj", "{FF85C43B-4F5D-4CAE-8BEA-B9B9126DE869}"
EndProject
Global
	GlobalSection(SolutionConfigurationPlatforms) = preSolution
		Debug|Any CPU = Debug|Any CPU
		Release|Any CPU = Release|Any CPU
	EndGlobalSection
	GlobalSection(ProjectConfigurationPlatforms) = postSolution
		{6CCCD13E-256F-4D7F-9DF2-F394EAAF77B7}.Debug|Any CPU.ActiveCfg = Debug|Any CPU
		{6CCCD13E-256F-4D7F-9DF2-F394EAAF77B7}.Debug|Any CPU.Build.0 = Debug|Any CPU
		{6CCCD13E-256F-4D7F-9DF2-F394EAAF77B7}.Release|Any CPU.ActiveCfg = Release|Any CPU
		{6CCCD13E-256F-4D7F-9DF2-F394EAAF77B7}.Release|Any CPU.Build.0 = Release|Any CPU
		{1E15B233-453A-4425-A09D-E07E91EA1F63}.Debug|Any CPU.ActiveCfg = Debug|Any CPU
		{1E15B233-453A-4425-A09D-E07E91EA1F63}.Debug|Any CPU.Build.0 = Debug|Any CPU
		{1E15B233-453A-4425-A09D-E07E91EA1F63}.Release|Any CPU.ActiveCfg = Release|Any CPU
		{1E15B233-453A-4425-A09D-E07E91EA1F63}.Release|Any CPU.Build.0 = Release|Any CPU
		{3917C2B5-6FEF-4DE5-B4EF-5D5E262CE781}.Debug|Any CPU.ActiveCfg = Debug|Any CPU
		{3917C2B5-6FEF-4DE5-B4EF-5D5E262CE781}.Debug|Any CPU.Build.0 = Debug|Any CPU
		{3917C2B5-6FEF-4DE5-B4EF-5D5E262CE781}.Release|Any CPU.ActiveCfg = Release|Any CPU
		{3917C2B5-6FEF-4DE5-B4EF-5D5E262CE781}.Release|Any CPU.Build.0 = Release|Any CPU
		{365500E0-00AC-48D4-AFBA-4F5F9C09D4C8}.Debug|Any CPU.ActiveCfg = Debug|Any CPU
		{365500E0-00AC-48D4-AFBA-4F5F9C09D4C8}.Debug|Any CPU.Build.0 = Debug|Any CPU
		{365500E0-00AC-48D4-AFBA-4F5F9C09D4C8}.Release|Any CPU.ActiveCfg = Release|Any CPU
		{365500E0-00AC-48D4-AFBA-4F5F9C09D4C8}.Release|Any CPU.Build.0 = Release|Any CPU
		{1D13D3CA-3E8E-4F1A-9284-BBDC97C3A6F4}.Debug|Any CPU.ActiveCfg = Debug|Any CPU
		{1D13D3CA-3E8E-4F1A-9284-BBDC97C3A6F4}.Debug|Any CPU.Build.0 = Debug|Any CPU
		{1D13D3CA-3E8E-4F1A-9284-BBDC97C3A6F4}.Release|Any CPU.ActiveCfg = Release|Any CPU
		{1D13D3CA-3E8E-4F1A-9284-BBDC97C3A6F4}.Release|Any CPU.Build.0 = Release|Any CPU
		{5DC7685F-5A70-4605-976B-C1AF8E35ECAA}.Debug|Any CPU.ActiveCfg = Debug|Any CPU
		{5DC7685F-5A70-4605-976B-C1AF8E35ECAA}.Debug|Any CPU.Build.0 = Debug|Any CPU
		{5DC7685F-5A70-4605-976B-C1AF8E35ECAA}.Release|Any CPU.ActiveCfg = Release|Any CPU
		{5DC7685F-5A70-4605-976B-C1AF8E35ECAA}.Release|Any CPU.Build.0 = Release|Any CPU
		{6821347E-BFC4-4BF6-9A19-DB310053703B}.Debug|Any CPU.ActiveCfg = Debug|Any CPU
		{6821347E-BFC4-4BF6-9A19-DB310053703B}.Debug|Any CPU.Build.0 = Debug|Any CPU
		{6821347E-BFC4-4BF6-9A19-DB310053703B}.Release|Any CPU.ActiveCfg = Release|Any CPU
		{6821347E-BFC4-4BF6-9A19-DB310053703B}.Release|Any CPU.Build.0 = Release|Any CPU
		{418A312C-9E0A-48CB-8DBF-E10724D5D45E}.Debug|Any CPU.ActiveCfg = Debug|Any CPU
		{418A312C-9E0A-48CB-8DBF-E10724D5D45E}.Debug|Any CPU.Build.0 = Debug|Any CPU
		{418A312C-9E0A-48CB-8DBF-E10724D5D45E}.Release|Any CPU.ActiveCfg = Release|Any CPU
		{418A312C-9E0A-48CB-8DBF-E10724D5D45E}.Release|Any CPU.Build.0 = Release|Any CPU
		{8871EF02-FCF2-453C-AFD2-0AF26378783F}.Debug|Any CPU.ActiveCfg = Debug|Any CPU
		{8871EF02-FCF2-453C-AFD2-0AF26378783F}.Debug|Any CPU.Build.0 = Debug|Any CPU
		{8871EF02-FCF2-453C-AFD2-0AF26378783F}.Release|Any CPU.ActiveCfg = Release|Any CPU
		{8871EF02-FCF2-453C-AFD2-0AF26378783F}.Release|Any CPU.Build.0 = Release|Any CPU
		{C943FF2D-3152-4B2D-8393-C35EB5080EE8}.Debug|Any CPU.ActiveCfg = Debug|Any CPU
		{C943FF2D-3152-4B2D-8393-C35EB5080EE8}.Debug|Any CPU.Build.0 = Debug|Any CPU
		{C943FF2D-3152-4B2D-8393-C35EB5080EE8}.Release|Any CPU.ActiveCfg = Release|Any CPU
		{C943FF2D-3152-4B2D-8393-C35EB5080EE8}.Release|Any CPU.Build.0 = Release|Any CPU
		{D15B571C-2421-48EA-B5B7-51291EAF46D4}.Debug|Any CPU.ActiveCfg = Debug|Any CPU
		{D15B571C-2421-48EA-B5B7-51291EAF46D4}.Debug|Any CPU.Build.0 = Debug|Any CPU
		{D15B571C-2421-48EA-B5B7-51291EAF46D4}.Release|Any CPU.ActiveCfg = Release|Any CPU
		{D15B571C-2421-48EA-B5B7-51291EAF46D4}.Release|Any CPU.Build.0 = Release|Any CPU
		{5976B891-DA0C-41DB-9684-E8A6DB0239D6}.Debug|Any CPU.ActiveCfg = Debug|Any CPU
		{5976B891-DA0C-41DB-9684-E8A6DB0239D6}.Debug|Any CPU.Build.0 = Debug|Any CPU
		{5976B891-DA0C-41DB-9684-E8A6DB0239D6}.Release|Any CPU.ActiveCfg = Release|Any CPU
		{5976B891-DA0C-41DB-9684-E8A6DB0239D6}.Release|Any CPU.Build.0 = Release|Any CPU
		{F994B904-558D-41DE-ABB5-EA41D9A6997A}.Debug|Any CPU.ActiveCfg = Debug|Any CPU
		{F994B904-558D-41DE-ABB5-EA41D9A6997A}.Debug|Any CPU.Build.0 = Debug|Any CPU
		{F994B904-558D-41DE-ABB5-EA41D9A6997A}.Release|Any CPU.ActiveCfg = Release|Any CPU
		{F994B904-558D-41DE-ABB5-EA41D9A6997A}.Release|Any CPU.Build.0 = Release|Any CPU
		{CFCBF849-9140-4C1C-82CC-3DFA7CCDF226}.Debug|Any CPU.ActiveCfg = Debug|Any CPU
		{CFCBF849-9140-4C1C-82CC-3DFA7CCDF226}.Debug|Any CPU.Build.0 = Debug|Any CPU
		{CFCBF849-9140-4C1C-82CC-3DFA7CCDF226}.Release|Any CPU.ActiveCfg = Release|Any CPU
		{CFCBF849-9140-4C1C-82CC-3DFA7CCDF226}.Release|Any CPU.Build.0 = Release|Any CPU
		{E427767B-2A85-4009-8C26-4D452A577E3E}.Debug|Any CPU.ActiveCfg = Debug|Any CPU
		{E427767B-2A85-4009-8C26-4D452A577E3E}.Debug|Any CPU.Build.0 = Debug|Any CPU
		{E427767B-2A85-4009-8C26-4D452A577E3E}.Release|Any CPU.ActiveCfg = Release|Any CPU
		{E427767B-2A85-4009-8C26-4D452A577E3E}.Release|Any CPU.Build.0 = Release|Any CPU
		{9C51AD66-9899-4809-BA19-649A5A293DEC}.Debug|Any CPU.ActiveCfg = Debug|Any CPU
		{9C51AD66-9899-4809-BA19-649A5A293DEC}.Debug|Any CPU.Build.0 = Debug|Any CPU
		{9C51AD66-9899-4809-BA19-649A5A293DEC}.Release|Any CPU.ActiveCfg = Release|Any CPU
		{9C51AD66-9899-4809-BA19-649A5A293DEC}.Release|Any CPU.Build.0 = Release|Any CPU
		{E1160626-61CC-4484-B076-9B6C5CA59EDF}.Debug|Any CPU.ActiveCfg = Debug|Any CPU
		{E1160626-61CC-4484-B076-9B6C5CA59EDF}.Debug|Any CPU.Build.0 = Debug|Any CPU
		{E1160626-61CC-4484-B076-9B6C5CA59EDF}.Release|Any CPU.ActiveCfg = Release|Any CPU
		{E1160626-61CC-4484-B076-9B6C5CA59EDF}.Release|Any CPU.Build.0 = Release|Any CPU
		{704C6145-6166-4DFF-AF25-CBD17D5B02BA}.Debug|Any CPU.ActiveCfg = Debug|Any CPU
		{704C6145-6166-4DFF-AF25-CBD17D5B02BA}.Debug|Any CPU.Build.0 = Debug|Any CPU
		{704C6145-6166-4DFF-AF25-CBD17D5B02BA}.Release|Any CPU.ActiveCfg = Release|Any CPU
		{704C6145-6166-4DFF-AF25-CBD17D5B02BA}.Release|Any CPU.Build.0 = Release|Any CPU
		{E8727832-DA2A-48DC-9807-BE129488C006}.Debug|Any CPU.ActiveCfg = Debug|Any CPU
		{E8727832-DA2A-48DC-9807-BE129488C006}.Debug|Any CPU.Build.0 = Debug|Any CPU
		{E8727832-DA2A-48DC-9807-BE129488C006}.Release|Any CPU.ActiveCfg = Release|Any CPU
		{E8727832-DA2A-48DC-9807-BE129488C006}.Release|Any CPU.Build.0 = Release|Any CPU
		{2B6F02B7-0F1B-4FA7-B668-1FA524AEC22E}.Debug|Any CPU.ActiveCfg = Debug|Any CPU
		{2B6F02B7-0F1B-4FA7-B668-1FA524AEC22E}.Debug|Any CPU.Build.0 = Debug|Any CPU
		{2B6F02B7-0F1B-4FA7-B668-1FA524AEC22E}.Release|Any CPU.ActiveCfg = Release|Any CPU
		{2B6F02B7-0F1B-4FA7-B668-1FA524AEC22E}.Release|Any CPU.Build.0 = Release|Any CPU
		{137625E5-82DF-4F5C-B24D-3D949F4F1BD5}.Debug|Any CPU.ActiveCfg = Debug|Any CPU
		{137625E5-82DF-4F5C-B24D-3D949F4F1BD5}.Debug|Any CPU.Build.0 = Debug|Any CPU
		{137625E5-82DF-4F5C-B24D-3D949F4F1BD5}.Release|Any CPU.ActiveCfg = Release|Any CPU
		{137625E5-82DF-4F5C-B24D-3D949F4F1BD5}.Release|Any CPU.Build.0 = Release|Any CPU
		{ABF0998A-5F97-491E-899A-40161FD70CEF}.Debug|Any CPU.ActiveCfg = Debug|Any CPU
		{ABF0998A-5F97-491E-899A-40161FD70CEF}.Debug|Any CPU.Build.0 = Debug|Any CPU
		{ABF0998A-5F97-491E-899A-40161FD70CEF}.Release|Any CPU.ActiveCfg = Release|Any CPU
		{ABF0998A-5F97-491E-899A-40161FD70CEF}.Release|Any CPU.Build.0 = Release|Any CPU
		{FF85C43B-4F5D-4CAE-8BEA-B9B9126DE869}.Debug|Any CPU.ActiveCfg = Debug|Any CPU
		{FF85C43B-4F5D-4CAE-8BEA-B9B9126DE869}.Debug|Any CPU.Build.0 = Debug|Any CPU
		{FF85C43B-4F5D-4CAE-8BEA-B9B9126DE869}.Release|Any CPU.ActiveCfg = Release|Any CPU
		{FF85C43B-4F5D-4CAE-8BEA-B9B9126DE869}.Release|Any CPU.Build.0 = Release|Any CPU
	EndGlobalSection
	GlobalSection(SolutionProperties) = preSolution
		HideSolutionNode = FALSE
	EndGlobalSection
	GlobalSection(NestedProjects) = preSolution
		{6CCCD13E-256F-4D7F-9DF2-F394EAAF77B7} = {8EE84D6A-8156-4448-A217-85C607BB8AD7}
		{1E15B233-453A-4425-A09D-E07E91EA1F63} = {8EE84D6A-8156-4448-A217-85C607BB8AD7}
		{3917C2B5-6FEF-4DE5-B4EF-5D5E262CE781} = {8EE84D6A-8156-4448-A217-85C607BB8AD7}
		{365500E0-00AC-48D4-AFBA-4F5F9C09D4C8} = {72CC209E-19DE-4025-AD4F-9A8BA17C80C2}
		{1D13D3CA-3E8E-4F1A-9284-BBDC97C3A6F4} = {72CC209E-19DE-4025-AD4F-9A8BA17C80C2}
		{5DC7685F-5A70-4605-976B-C1AF8E35ECAA} = {3E77D5D2-7C7E-4F3E-BBB7-8005EAA64924}
		{6821347E-BFC4-4BF6-9A19-DB310053703B} = {8EE84D6A-8156-4448-A217-85C607BB8AD7}
		{418A312C-9E0A-48CB-8DBF-E10724D5D45E} = {3E77D5D2-7C7E-4F3E-BBB7-8005EAA64924}
		{8871EF02-FCF2-453C-AFD2-0AF26378783F} = {3E77D5D2-7C7E-4F3E-BBB7-8005EAA64924}
		{C943FF2D-3152-4B2D-8393-C35EB5080EE8} = {F213774C-47AB-4315-A88B-80A054C6067A}
		{D15B571C-2421-48EA-B5B7-51291EAF46D4} = {F213774C-47AB-4315-A88B-80A054C6067A}
		{5976B891-DA0C-41DB-9684-E8A6DB0239D6} = {F213774C-47AB-4315-A88B-80A054C6067A}
		{F994B904-558D-41DE-ABB5-EA41D9A6997A} = {3E77D5D2-7C7E-4F3E-BBB7-8005EAA64924}
		{CFCBF849-9140-4C1C-82CC-3DFA7CCDF226} = {3E77D5D2-7C7E-4F3E-BBB7-8005EAA64924}
		{E427767B-2A85-4009-8C26-4D452A577E3E} = {3BF48648-4A6C-43E4-B2F1-FFB7EDE70F33}
		{9C51AD66-9899-4809-BA19-649A5A293DEC} = {3E77D5D2-7C7E-4F3E-BBB7-8005EAA64924}
		{E1160626-61CC-4484-B076-9B6C5CA59EDF} = {3BF48648-4A6C-43E4-B2F1-FFB7EDE70F33}
		{704C6145-6166-4DFF-AF25-CBD17D5B02BA} = {3BF48648-4A6C-43E4-B2F1-FFB7EDE70F33}
		{E8727832-DA2A-48DC-9807-BE129488C006} = {3BF48648-4A6C-43E4-B2F1-FFB7EDE70F33}
		{2B6F02B7-0F1B-4FA7-B668-1FA524AEC22E} = {3E77D5D2-7C7E-4F3E-BBB7-8005EAA64924}
		{137625E5-82DF-4F5C-B24D-3D949F4F1BD5} = {3BF48648-4A6C-43E4-B2F1-FFB7EDE70F33}
		{ABF0998A-5F97-491E-899A-40161FD70CEF} = {7C0DDA31-6525-48F1-B81F-48DBB3053160}
		{FF85C43B-4F5D-4CAE-8BEA-B9B9126DE869} = {344C7588-D55D-478B-B25D-94F97524C5E0}
	EndGlobalSection
	GlobalSection(ExtensibilityGlobals) = postSolution
		SolutionGuid = {F2286F1C-A8B5-4BE5-9081-16E02C40FC5C}
	EndGlobalSection
EndGlobal
